
Microsoft Visual Studio Solution File, Format Version 12.00
# Visual Studio Version 17
VisualStudioVersion = 17.8.34525.116
MinimumVisualStudioVersion = 10.0.40219.1
Project("{FAE04EC0-301F-11D3-BF4B-00C04F79EFBC}") = "WpfApp1", "WpfApp1\WpfApp1.csproj", "{C22E91FF-889D-42A3-B064-7F8FB4C86A74}"
EndProject
Global
	GlobalSection(SolutionConfigurationPlatforms) = preSolution
		Debug|Any CPU = Debug|Any CPU
		Release|Any CPU = Release|Any CPU
	EndGlobalSection
	GlobalSection(ProjectConfigurationPlatforms) = postSolution
		{C22E91FF-889D-42A3-B064-7F8FB4C86A74}.Debug|Any CPU.ActiveCfg = Debug|Any CPU
		{C22E91FF-889D-42A3-B064-7F8FB4C86A74}.Debug|Any CPU.Build.0 = Debug|Any CPU
		{C22E91FF-889D-42A3-B064-7F8FB4C86A74}.Release|Any CPU.ActiveCfg = Release|Any CPU
		{C22E91FF-889D-42A3-B064-7F8FB4C86A74}.Release|Any CPU.Build.0 = Release|Any CPU
	EndGlobalSection
	GlobalSection(SolutionProperties) = preSolution
		HideSolutionNode = FALSE
	EndGlobalSection
	GlobalSection(ExtensibilityGlobals) = postSolution
		SolutionGuid = {31DCC04E-3BF2-46E9-9672-3273ECD354C8}
	EndGlobalSection
EndGlobal
